// !$*UTF8*$!
{
	archiveVersion = 1;
	classes = {
	};
	objectVersion = 51;
	objects = {

/* Begin PBXBuildFile section */
		4F94F21725386B5300E4C20D /* AppDelegate.m in Sources */ = {isa = PBXBuildFile; fileRef = 4F94F21625386B5300E4C20D /* AppDelegate.m */; };
		4F94F21D25386B5300E4C20D /* ViewController.m in Sources */ = {isa = PBXBuildFile; fileRef = 4F94F21C25386B5300E4C20D /* ViewController.m */; };
		4F94F22025386B5300E4C20D /* Main.storyboard in Resources */ = {isa = PBXBuildFile; fileRef = 4F94F21E25386B5300E4C20D /* Main.storyboard */; };
		4F94F22225386B5500E4C20D /* Assets.xcassets in Resources */ = {isa = PBXBuildFile; fileRef = 4F94F22125386B5500E4C20D /* Assets.xcassets */; };
		4F94F22525386B5500E4C20D /* LaunchScreen.storyboard in Resources */ = {isa = PBXBuildFile; fileRef = 4F94F22325386B5500E4C20D /* LaunchScreen.storyboard */; };
		4F94F22825386B5500E4C20D /* main.m in Sources */ = {isa = PBXBuildFile; fileRef = 4F94F22725386B5500E4C20D /* main.m */; };
		4F94F26225393BE900E4C20D /* AViewController.m in Sources */ = {isa = PBXBuildFile; fileRef = 4F94F26025393BE900E4C20D /* AViewController.m */; };
		4F94F26625393C0700E4C20D /* Target_A.m in Sources */ = {isa = PBXBuildFile; fileRef = 4F94F26525393C0700E4C20D /* Target_A.m */; };
		C335C56DEA04AFF3CF3FF5E4 /* Pods_A_section.framework in Frameworks */ = {isa = PBXBuildFile; fileRef = 300BF7452DED149B3C470E7B /* Pods_A_section.framework */; };
/* End PBXBuildFile section */

/* Begin PBXFileReference section */
		300BF7452DED149B3C470E7B /* Pods_A_section.framework */ = {isa = PBXFileReference; explicitFileType = wrapper.framework; includeInIndex = 0; path = Pods_A_section.framework; sourceTree = BUILT_PRODUCTS_DIR; };
		4F94F21225386B5300E4C20D /* A_section.app */ = {isa = PBXFileReference; explicitFileType = wrapper.application; includeInIndex = 0; path = A_section.app; sourceTree = BUILT_PRODUCTS_DIR; };
		4F94F21525386B5300E4C20D /* AppDelegate.h */ = {isa = PBXFileReference; lastKnownFileType = sourcecode.c.h; path = AppDelegate.h; sourceTree = "<group>"; };
		4F94F21625386B5300E4C20D /* AppDelegate.m */ = {isa = PBXFileReference; lastKnownFileType = sourcecode.c.objc; path = AppDelegate.m; sourceTree = "<group>"; };
		4F94F21B25386B5300E4C20D /* ViewController.h */ = {isa = PBXFileReference; lastKnownFileType = sourcecode.c.h; path = ViewController.h; sourceTree = "<group>"; };
		4F94F21C25386B5300E4C20D /* ViewController.m */ = {isa = PBXFileReference; lastKnownFileType = sourcecode.c.objc; path = ViewController.m; sourceTree = "<group>"; };
		4F94F21F25386B5300E4C20D /* Base */ = {isa = PBXFileReference; lastKnownFileType = file.storyboard; name = Base; path = Base.lproj/Main.storyboard; sourceTree = "<group>"; };
		4F94F22125386B5500E4C20D /* Assets.xcassets */ = {isa = PBXFileReference; lastKnownFileType = folder.assetcatalog; path = Assets.xcassets; sourceTree = "<group>"; };
		4F94F22425386B5500E4C20D /* Base */ = {isa = PBXFileReference; lastKnownFileType = file.storyboard; name = Base; path = Base.lproj/LaunchScreen.storyboard; sourceTree = "<group>"; };
		4F94F22625386B5500E4C20D /* Info.plist */ = {isa = PBXFileReference; lastKnownFileType = text.plist.xml; path = Info.plist; sourceTree = "<group>"; };
		4F94F22725386B5500E4C20D /* main.m */ = {isa = PBXFileReference; lastKnownFileType = sourcecode.c.objc; path = main.m; sourceTree = "<group>"; };
		4F94F26025393BE900E4C20D /* AViewController.m */ = {isa = PBXFileReference; fileEncoding = 4; lastKnownFileType = sourcecode.c.objc; path = AViewController.m; sourceTree = "<group>"; };
		4F94F26125393BE900E4C20D /* AViewController.h */ = {isa = PBXFileReference; fileEncoding = 4; lastKnownFileType = sourcecode.c.h; path = AViewController.h; sourceTree = "<group>"; };
		4F94F26425393C0700E4C20D /* Target_A.h */ = {isa = PBXFileReference; lastKnownFileType = sourcecode.c.h; path = Target_A.h; sourceTree = "<group>"; };
		4F94F26525393C0700E4C20D /* Target_A.m */ = {isa = PBXFileReference; lastKnownFileType = sourcecode.c.objc; path = Target_A.m; sourceTree = "<group>"; };
		AD92AFE741DFA9819F432722 /* Pods-A_section.debug.xcconfig */ = {isa = PBXFileReference; includeInIndex = 1; lastKnownFileType = text.xcconfig; name = "Pods-A_section.debug.xcconfig"; path = "Target Support Files/Pods-A_section/Pods-A_section.debug.xcconfig"; sourceTree = "<group>"; };
		F634079225E7DF3FA015641A /* Pods-A_section.release.xcconfig */ = {isa = PBXFileReference; includeInIndex = 1; lastKnownFileType = text.xcconfig; name = "Pods-A_section.release.xcconfig"; path = "Target Support Files/Pods-A_section/Pods-A_section.release.xcconfig"; sourceTree = "<group>"; };
/* End PBXFileReference section */

/* Begin PBXFrameworksBuildPhase section */
		4F94F20F25386B5300E4C20D /* Frameworks */ = {
			isa = PBXFrameworksBuildPhase;
			buildActionMask = 2147483647;
			files = (
				C335C56DEA04AFF3CF3FF5E4 /* Pods_A_section.framework in Frameworks */,
			);
			runOnlyForDeploymentPostprocessing = 0;
		};
/* End PBXFrameworksBuildPhase section */

/* Begin PBXGroup section */
		03EE2ABB3025CABF004552F3 /* Frameworks */ = {
			isa = PBXGroup;
			children = (
				300BF7452DED149B3C470E7B /* Pods_A_section.framework */,
			);
			name = Frameworks;
			sourceTree = "<group>";
		};
		4F94F20925386B5300E4C20D = {
			isa = PBXGroup;
			children = (
				4F94F21425386B5300E4C20D /* A_section */,
				4F94F21325386B5300E4C20D /* Products */,
				837E1D42412C35219E1026CD /* Pods */,
				03EE2ABB3025CABF004552F3 /* Frameworks */,
			);
			sourceTree = "<group>";
		};
		4F94F21325386B5300E4C20D /* Products */ = {
			isa = PBXGroup;
			children = (
				4F94F21225386B5300E4C20D /* A_section.app */,
			);
			name = Products;
			sourceTree = "<group>";
		};
		4F94F21425386B5300E4C20D /* A_section */ = {
			isa = PBXGroup;
			children = (
				4F94F25F25393BE900E4C20D /* A_section */,
				4F94F21525386B5300E4C20D /* AppDelegate.h */,
				4F94F21625386B5300E4C20D /* AppDelegate.m */,
				4F94F21B25386B5300E4C20D /* ViewController.h */,
				4F94F21C25386B5300E4C20D /* ViewController.m */,
				4F94F21E25386B5300E4C20D /* Main.storyboard */,
				4F94F22125386B5500E4C20D /* Assets.xcassets */,
				4F94F22325386B5500E4C20D /* LaunchScreen.storyboard */,
				4F94F22625386B5500E4C20D /* Info.plist */,
				4F94F22725386B5500E4C20D /* main.m */,
			);
			path = A_section;
			sourceTree = "<group>";
		};
		4F94F25F25393BE900E4C20D /* A_section */ = {
			isa = PBXGroup;
			children = (
				4F94F26325393BF400E4C20D /* Targets */,
				4F94F26125393BE900E4C20D /* AViewController.h */,
				4F94F26025393BE900E4C20D /* AViewController.m */,
			);
			path = A_section;
			sourceTree = "<group>";
		};
		4F94F26325393BF400E4C20D /* Targets */ = {
			isa = PBXGroup;
			children = (
				4F94F26425393C0700E4C20D /* Target_A.h */,
				4F94F26525393C0700E4C20D /* Target_A.m */,
			);
			path = Targets;
			sourceTree = "<group>";
		};
		837E1D42412C35219E1026CD /* Pods */ = {
			isa = PBXGroup;
			children = (
				AD92AFE741DFA9819F432722 /* Pods-A_section.debug.xcconfig */,
				F634079225E7DF3FA015641A /* Pods-A_section.release.xcconfig */,
			);
			path = Pods;
			sourceTree = "<group>";
		};
/* End PBXGroup section */

/* Begin PBXNativeTarget section */
		4F94F21125386B5300E4C20D /* A_section */ = {
			isa = PBXNativeTarget;
			buildConfigurationList = 4F94F22B25386B5500E4C20D /* Build configuration list for PBXNativeTarget "A_section" */;
			buildPhases = (
				12D8D66A86506072F0560152 /* [CP] Check Pods Manifest.lock */,
				4F94F20E25386B5300E4C20D /* Sources */,
				4F94F20F25386B5300E4C20D /* Frameworks */,
				4F94F21025386B5300E4C20D /* Resources */,
				6B2FA33A76A1433FE9626010 /* [CP] Embed Pods Frameworks */,
			);
			buildRules = (
			);
			dependencies = (
			);
			name = A_section;
			productName = A_section;
			productReference = 4F94F21225386B5300E4C20D /* A_section.app */;
			productType = "com.apple.product-type.application";
		};
/* End PBXNativeTarget section */

/* Begin PBXProject section */
		4F94F20A25386B5300E4C20D /* Project object */ = {
			isa = PBXProject;
			attributes = {
				LastUpgradeCheck = 1140;
				ORGANIZATIONNAME = hdk;
				TargetAttributes = {
					4F94F21125386B5300E4C20D = {
						CreatedOnToolsVersion = 11.4;
					};
				};
			};
			buildConfigurationList = 4F94F20D25386B5300E4C20D /* Build configuration list for PBXProject "A_section" */;
			compatibilityVersion = "Xcode 9.3";
			developmentRegion = en;
			hasScannedForEncodings = 0;
			knownRegions = (
				en,
				Base,
			);
			mainGroup = 4F94F20925386B5300E4C20D;
			productRefGroup = 4F94F21325386B5300E4C20D /* Products */;
			projectDirPath = "";
			projectRoot = "";
			targets = (
				4F94F21125386B5300E4C20D /* A_section */,
			);
		};
/* End PBXProject section */

/* Begin PBXResourcesBuildPhase section */
		4F94F21025386B5300E4C20D /* Resources */ = {
			isa = PBXResourcesBuildPhase;
			buildActionMask = 2147483647;
			files = (
				4F94F22525386B5500E4C20D /* LaunchScreen.storyboard in Resources */,
				4F94F22225386B5500E4C20D /* Assets.xcassets in Resources */,
				4F94F22025386B5300E4C20D /* Main.storyboard in Resources */,
			);
			runOnlyForDeploymentPostprocessing = 0;
		};
/* End PBXResourcesBuildPhase section */

/* Begin PBXShellScriptBuildPhase section */
		12D8D66A86506072F0560152 /* [CP] Check Pods Manifest.lock */ = {
			isa = PBXShellScriptBuildPhase;
			buildActionMask = 2147483647;
			files = (
			);
			inputFileListPaths = (
			);
			inputPaths = (
				"${PODS_PODFILE_DIR_PATH}/Podfile.lock",
				"${PODS_ROOT}/Manifest.lock",
			);
			name = "[CP] Check Pods Manifest.lock";
			outputFileListPaths = (
			);
			outputPaths = (
				"$(DERIVED_FILE_DIR)/Pods-A_section-checkManifestLockResult.txt",
			);
			runOnlyForDeploymentPostprocessing = 0;
			shellPath = /bin/sh;
			shellScript = "diff \"${PODS_PODFILE_DIR_PATH}/Podfile.lock\" \"${PODS_ROOT}/Manifest.lock\" > /dev/null\nif [ $? != 0 ] ; then\n    # print error to STDERR\n    echo \"error: The sandbox is not in sync with the Podfile.lock. Run 'pod install' or update your CocoaPods installation.\" >&2\n    exit 1\nfi\n# This output is used by Xcode 'outputs' to avoid re-running this script phase.\necho \"SUCCESS\" > \"${SCRIPT_OUTPUT_FILE_0}\"\n";
			showEnvVarsInLog = 0;
		};
		6B2FA33A76A1433FE9626010 /* [CP] Embed Pods Frameworks */ = {
			isa = PBXShellScriptBuildPhase;
			buildActionMask = 2147483647;
			files = (
			);
			inputFileListPaths = (
				"${PODS_ROOT}/Target Support Files/Pods-A_section/Pods-A_section-frameworks-${CONFIGURATION}-input-files.xcfilelist",
			);
			name = "[CP] Embed Pods Frameworks";
			outputFileListPaths = (
				"${PODS_ROOT}/Target Support Files/Pods-A_section/Pods-A_section-frameworks-${CONFIGURATION}-output-files.xcfilelist",
			);
			runOnlyForDeploymentPostprocessing = 0;
			shellPath = /bin/sh;
			shellScript = "\"${PODS_ROOT}/Target Support Files/Pods-A_section/Pods-A_section-frameworks.sh\"\n";
			showEnvVarsInLog = 0;
		};
/* End PBXShellScriptBuildPhase section */

/* Begin PBXSourcesBuildPhase section */
		4F94F20E25386B5300E4C20D /* Sources */ = {
			isa = PBXSourcesBuildPhase;
			buildActionMask = 2147483647;
			files = (
				4F94F26225393BE900E4C20D /* AViewController.m in Sources */,
				4F94F21D25386B5300E4C20D /* ViewController.m in Sources */,
				4F94F26625393C0700E4C20D /* Target_A.m in Sources */,
				4F94F21725386B5300E4C20D /* AppDelegate.m in Sources */,
				4F94F22825386B5500E4C20D /* main.m in Sources */,
			);
			runOnlyForDeploymentPostprocessing = 0;
		};
/* End PBXSourcesBuildPhase section */

/* Begin PBXVariantGroup section */
		4F94F21E25386B5300E4C20D /* Main.storyboard */ = {
			isa = PBXVariantGroup;
			children = (
				4F94F21F25386B5300E4C20D /* Base */,
			);
			name = Main.storyboard;
			sourceTree = "<group>";
		};
		4F94F22325386B5500E4C20D /* LaunchScreen.storyboard */ = {
			isa = PBXVariantGroup;
			children = (
				4F94F22425386B5500E4C20D /* Base */,
			);
			name = LaunchScreen.storyboard;
			sourceTree = "<group>";
		};
/* End PBXVariantGroup section */

/* Begin XCBuildConfiguration section */
		4F94F22925386B5500E4C20D /* Debug */ = {
			isa = XCBuildConfiguration;
			buildSettings = {
				ALWAYS_SEARCH_USER_PATHS = NO;
				CLANG_ANALYZER_NONNULL = YES;
				CLANG_ANALYZER_NUMBER_OBJECT_CONVERSION = YES_AGGRESSIVE;
				CLANG_CXX_LANGUAGE_STANDARD = "gnu++14";
				CLANG_CXX_LIBRARY = "libc++";
				CLANG_ENABLE_MODULES = YES;
				CLANG_ENABLE_OBJC_ARC = YES;
				CLANG_ENABLE_OBJC_WEAK = YES;
				CLANG_WARN_BLOCK_CAPTURE_AUTORELEASING = YES;
				CLANG_WARN_BOOL_CONVERSION = YES;
				CLANG_WARN_COMMA = YES;
				CLANG_WARN_CONSTANT_CONVERSION = YES;
				CLANG_WARN_DEPRECATED_OBJC_IMPLEMENTATIONS = YES;
				CLANG_WARN_DIRECT_OBJC_ISA_USAGE = YES_ERROR;
				CLANG_WARN_DOCUMENTATION_COMMENTS = YES;
				CLANG_WARN_EMPTY_BODY = YES;
				CLANG_WARN_ENUM_CONVERSION = YES;
				CLANG_WARN_INFINITE_RECURSION = YES;
				CLANG_WARN_INT_CONVERSION = YES;
				CLANG_WARN_NON_LITERAL_NULL_CONVERSION = YES;
				CLANG_WARN_OBJC_IMPLICIT_RETAIN_SELF = YES;
				CLANG_WARN_OBJC_LITERAL_CONVERSION = YES;
				CLANG_WARN_OBJC_ROOT_CLASS = YES_ERROR;
				CLANG_WARN_RANGE_LOOP_ANALYSIS = YES;
				CLANG_WARN_STRICT_PROTOTYPES = YES;
				CLANG_WARN_SUSPICIOUS_MOVE = YES;
				CLANG_WARN_UNGUARDED_AVAILABILITY = YES_AGGRESSIVE;
				CLANG_WARN_UNREACHABLE_CODE = YES;
				CLANG_WARN__DUPLICATE_METHOD_MATCH = YES;
				COPY_PHASE_STRIP = NO;
				DEBUG_INFORMATION_FORMAT = dwarf;
				ENABLE_STRICT_OBJC_MSGSEND = YES;
				ENABLE_TESTABILITY = YES;
				GCC_C_LANGUAGE_STANDARD = gnu11;
				GCC_DYNAMIC_NO_PIC = NO;
				GCC_NO_COMMON_BLOCKS = YES;
				GCC_OPTIMIZATION_LEVEL = 0;
				GCC_PREPROCESSOR_DEFINITIONS = (
					"DEBUG=1",
					"$(inherited)",
				);
				GCC_WARN_64_TO_32_BIT_CONVERSION = YES;
				GCC_WARN_ABOUT_RETURN_TYPE = YES_ERROR;
				GCC_WARN_UNDECLARED_SELECTOR = YES;
				GCC_WARN_UNINITIALIZED_AUTOS = YES_AGGRESSIVE;
				GCC_WARN_UNUSED_FUNCTION = YES;
				GCC_WARN_UNUSED_VARIABLE = YES;
				IPHONEOS_DEPLOYMENT_TARGET = 13.4;
				MTL_ENABLE_DEBUG_INFO = INCLUDE_SOURCE;
				MTL_FAST_MATH = YES;
				ONLY_ACTIVE_ARCH = YES;
				SDKROOT = iphoneos;
			};
			name = Debug;
		};
		4F94F22A25386B5500E4C20D /* Release */ = {
			isa = XCBuildConfiguration;
			buildSettings = {
				ALWAYS_SEARCH_USER_PATHS = NO;
				CLANG_ANALYZER_NONNULL = YES;
				CLANG_ANALYZER_NUMBER_OBJECT_CONVERSION = YES_AGGRESSIVE;
				CLANG_CXX_LANGUAGE_STANDARD = "gnu++14";
				CLANG_CXX_LIBRARY = "libc++";
				CLANG_ENABLE_MODULES = YES;
				CLANG_ENABLE_OBJC_ARC = YES;
				CLANG_ENABLE_OBJC_WEAK = YES;
				CLANG_WARN_BLOCK_CAPTURE_AUTORELEASING = YES;
				CLANG_WARN_BOOL_CONVERSION = YES;
				CLANG_WARN_COMMA = YES;
				CLANG_WARN_CONSTANT_CONVERSION = YES;
				CLANG_WARN_DEPRECATED_OBJC_IMPLEMENTATIONS = YES;
				CLANG_WARN_DIRECT_OBJC_ISA_USAGE = YES_ERROR;
				CLANG_WARN_DOCUMENTATION_COMMENTS = YES;
				CLANG_WARN_EMPTY_BODY = YES;
				CLANG_WARN_ENUM_CONVERSION = YES;
				CLANG_WARN_INFINITE_RECURSION = YES;
				CLANG_WARN_INT_CONVERSION = YES;
				CLANG_WARN_NON_LITERAL_NULL_CONVERSION = YES;
				CLANG_WARN_OBJC_IMPLICIT_RETAIN_SELF = YES;
				CLANG_WARN_OBJC_LITERAL_CONVERSION = YES;
				CLANG_WARN_OBJC_ROOT_CLASS = YES_ERROR;
				CLANG_WARN_RANGE_LOOP_ANALYSIS = YES;
				CLANG_WARN_STRICT_PROTOTYPES = YES;
				CLANG_WARN_SUSPICIOUS_MOVE = YES;
				CLANG_WARN_UNGUARDED_AVAILABILITY = YES_AGGRESSIVE;
				CLANG_WARN_UNREACHABLE_CODE = YES;
				CLANG_WARN__DUPLICATE_METHOD_MATCH = YES;
				COPY_PHASE_STRIP = NO;
				DEBUG_INFORMATION_FORMAT = "dwarf-with-dsym";
				ENABLE_NS_ASSERTIONS = NO;
				ENABLE_STRICT_OBJC_MSGSEND = YES;
				GCC_C_LANGUAGE_STANDARD = gnu11;
				GCC_NO_COMMON_BLOCKS = YES;
				GCC_WARN_64_TO_32_BIT_CONVERSION = YES;
				GCC_WARN_ABOUT_RETURN_TYPE = YES_ERROR;
				GCC_WARN_UNDECLARED_SELECTOR = YES;
				GCC_WARN_UNINITIALIZED_AUTOS = YES_AGGRESSIVE;
				GCC_WARN_UNUSED_FUNCTION = YES;
				GCC_WARN_UNUSED_VARIABLE = YES;
				IPHONEOS_DEPLOYMENT_TARGET = 13.4;
				MTL_ENABLE_DEBUG_INFO = NO;
				MTL_FAST_MATH = YES;
				SDKROOT = iphoneos;
				VALIDATE_PRODUCT = YES;
			};
			name = Release;
		};
		4F94F22C25386B5500E4C20D /* Debug */ = {
			isa = XCBuildConfiguration;
			baseConfigurationReference = AD92AFE741DFA9819F432722 /* Pods-A_section.debug.xcconfig */;
			buildSettings = {
				ASSETCATALOG_COMPILER_APPICON_NAME = AppIcon;
				CODE_SIGN_STYLE = Automatic;
				DEVELOPMENT_TEAM = NAC9YJVX8C;
				INFOPLIST_FILE = A_section/Info.plist;
				LD_RUNPATH_SEARCH_PATHS = (
					"$(inherited)",
					"@executable_path/Frameworks",
				);
				PRODUCT_BUNDLE_IDENTIFIER = "huangdk.com.A-section";
				PRODUCT_NAME = "$(TARGET_NAME)";
				TARGETED_DEVICE_FAMILY = "1,2";
			};
			name = Debug;
		};
		4F94F22D25386B5500E4C20D /* Release */ = {
			isa = XCBuildConfiguration;
			baseConfigurationReference = F634079225E7DF3FA015641A /* Pods-A_section.release.xcconfig */;
			buildSettings = {
				ASSETCATALOG_COMPILER_APPICON_NAME = AppIcon;
				CODE_SIGN_STYLE = Automatic;
				DEVELOPMENT_TEAM = NAC9YJVX8C;
				INFOPLIST_FILE = A_section/Info.plist;
				LD_RUNPATH_SEARCH_PATHS = (
					"$(inherited)",
					"@executable_path/Frameworks",
				);
				PRODUCT_BUNDLE_IDENTIFIER = "huangdk.com.A-section";
				PRODUCT_NAME = "$(TARGET_NAME)";
				TARGETED_DEVICE_FAMILY = "1,2";
			};
			name = Release;
		};
/* End XCBuildConfiguration section */

/* Begin XCConfigurationList section */
		4F94F20D25386B5300E4C20D /* Build configuration list for PBXProject "A_section" */ = {
			isa = XCConfigurationList;
			buildConfigurations = (
				4F94F22925386B5500E4C20D /* Debug */,
				4F94F22A25386B5500E4C20D /* Release */,
			);
			defaultConfigurationIsVisible = 0;
			defaultConfigurationName = Release;
		};
		4F94F22B25386B5500E4C20D /* Build configuration list for PBXNativeTarget "A_section" */ = {
			isa = XCConfigurationList;
			buildConfigurations = (
				4F94F22C25386B5500E4C20D /* Debug */,
				4F94F22D25386B5500E4C20D /* Release */,
			);
			defaultConfigurationIsVisible = 0;
			defaultConfigurationName = Release;
		};
/* End XCConfigurationList section */
	};
	rootObject = 4F94F20A25386B5300E4C20D /* Project object */;
}
